
Microsoft Visual Studio Solution File, Format Version 12.00
# Visual Studio 14
VisualStudioVersion = 14.0.25420.1
MinimumVisualStudioVersion = 10.0.40219.1
Project("{FAE04EC0-301F-11D3-BF4B-00C04F79EFBC}") = "01_BlankReceipt", "01_BlankReceipt\01_BlankReceipt.csproj", "{97554949-20C1-4DAC-92FD-B17379FD4C8E}"
EndProject
Global
	GlobalSection(SolutionConfigurationPlatforms) = preSolution
		Debug|Any CPU = Debug|Any CPU
		Release|Any CPU = Release|Any CPU
	EndGlobalSection
	GlobalSection(ProjectConfigurationPlatforms) = postSolution
		{97554949-20C1-4DAC-92FD-B17379FD4C8E}.Debug|Any CPU.ActiveCfg = Debug|Any CPU
		{97554949-20C1-4DAC-92FD-B17379FD4C8E}.Debug|Any CPU.Build.0 = Debug|Any CPU
		{97554949-20C1-4DAC-92FD-B17379FD4C8E}.Release|Any CPU.ActiveCfg = Release|Any CPU
		{97554949-20C1-4DAC-92FD-B17379FD4C8E}.Release|Any CPU.Build.0 = Release|Any CPU
	EndGlobalSection
	GlobalSection(SolutionProperties) = preSolution
		HideSolutionNode = FALSE
	EndGlobalSection
EndGlobal
